
Microsoft Visual Studio Solution File, Format Version 12.00
# Visual Studio Version 16
VisualStudioVersion = 16.0.31105.61
MinimumVisualStudioVersion = 10.0.40219.1
Project("{FAE04EC0-301F-11D3-BF4B-00C04F79EFBC}") = "z1", "z1\z1.csproj", "{9505EAE6-5D12-4D1D-89BA-B36F821D69D3}"
EndProject
Global
	GlobalSection(SolutionConfigurationPlatforms) = preSolution
		Debug|Any CPU = Debug|Any CPU
		Release|Any CPU = Release|Any CPU
	EndGlobalSection
	GlobalSection(ProjectConfigurationPlatforms) = postSolution
		{9505EAE6-5D12-4D1D-89BA-B36F821D69D3}.Debug|Any CPU.ActiveCfg = Debug|Any CPU
		{9505EAE6-5D12-4D1D-89BA-B36F821D69D3}.Debug|Any CPU.Build.0 = Debug|Any CPU
		{9505EAE6-5D12-4D1D-89BA-B36F821D69D3}.Release|Any CPU.ActiveCfg = Release|Any CPU
		{9505EAE6-5D12-4D1D-89BA-B36F821D69D3}.Release|Any CPU.Build.0 = Release|Any CPU
	EndGlobalSection
	GlobalSection(SolutionProperties) = preSolution
		HideSolutionNode = FALSE
	EndGlobalSection
	GlobalSection(ExtensibilityGlobals) = postSolution
		SolutionGuid = {D69F6ED7-0045-450E-B150-30634AF17187}
	EndGlobalSection
EndGlobal
