
Microsoft Visual Studio Solution File, Format Version 12.00
# Visual Studio Version 16
VisualStudioVersion = 16.0.31105.61
MinimumVisualStudioVersion = 10.0.40219.1
Project("{FAE04EC0-301F-11D3-BF4B-00C04F79EFBC}") = "z3", "z3\z3.csproj", "{6191DA94-5467-4ADA-AD67-77AE14461658}"
EndProject
Global
	GlobalSection(SolutionConfigurationPlatforms) = preSolution
		Debug|Any CPU = Debug|Any CPU
		Release|Any CPU = Release|Any CPU
	EndGlobalSection
	GlobalSection(ProjectConfigurationPlatforms) = postSolution
		{6191DA94-5467-4ADA-AD67-77AE14461658}.Debug|Any CPU.ActiveCfg = Debug|Any CPU
		{6191DA94-5467-4ADA-AD67-77AE14461658}.Debug|Any CPU.Build.0 = Debug|Any CPU
		{6191DA94-5467-4ADA-AD67-77AE14461658}.Release|Any CPU.ActiveCfg = Release|Any CPU
		{6191DA94-5467-4ADA-AD67-77AE14461658}.Release|Any CPU.Build.0 = Release|Any CPU
	EndGlobalSection
	GlobalSection(SolutionProperties) = preSolution
		HideSolutionNode = FALSE
	EndGlobalSection
	GlobalSection(ExtensibilityGlobals) = postSolution
		SolutionGuid = {D5A94D7D-FE54-4191-B32F-9D16CE0083C3}
	EndGlobalSection
EndGlobal
