
Microsoft Visual Studio Solution File, Format Version 12.00
# Visual Studio Version 16
VisualStudioVersion = 16.0.31105.61
MinimumVisualStudioVersion = 10.0.40219.1
Project("{FAE04EC0-301F-11D3-BF4B-00C04F79EFBC}") = "próbny", "próbny\próbny.csproj", "{2786C664-61B7-47B8-AAA3-608E5D571415}"
EndProject
Global
	GlobalSection(SolutionConfigurationPlatforms) = preSolution
		Debug|Any CPU = Debug|Any CPU
		Release|Any CPU = Release|Any CPU
	EndGlobalSection
	GlobalSection(ProjectConfigurationPlatforms) = postSolution
		{2786C664-61B7-47B8-AAA3-608E5D571415}.Debug|Any CPU.ActiveCfg = Debug|Any CPU
		{2786C664-61B7-47B8-AAA3-608E5D571415}.Debug|Any CPU.Build.0 = Debug|Any CPU
		{2786C664-61B7-47B8-AAA3-608E5D571415}.Release|Any CPU.ActiveCfg = Release|Any CPU
		{2786C664-61B7-47B8-AAA3-608E5D571415}.Release|Any CPU.Build.0 = Release|Any CPU
	EndGlobalSection
	GlobalSection(SolutionProperties) = preSolution
		HideSolutionNode = FALSE
	EndGlobalSection
	GlobalSection(ExtensibilityGlobals) = postSolution
		SolutionGuid = {A3F27068-B4E3-440F-9D6E-1B3CC795BAC3}
	EndGlobalSection
EndGlobal
