
Microsoft Visual Studio Solution File, Format Version 12.00
# Visual Studio Version 16
VisualStudioVersion = 16.0.31105.61
MinimumVisualStudioVersion = 10.0.40219.1
Project("{FAE04EC0-301F-11D3-BF4B-00C04F79EFBC}") = "child", "child\child.csproj", "{02ECF918-0FD6-4540-9AF8-785FBCC229C7}"
EndProject
Global
	GlobalSection(SolutionConfigurationPlatforms) = preSolution
		Debug|Any CPU = Debug|Any CPU
		Release|Any CPU = Release|Any CPU
	EndGlobalSection
	GlobalSection(ProjectConfigurationPlatforms) = postSolution
		{02ECF918-0FD6-4540-9AF8-785FBCC229C7}.Debug|Any CPU.ActiveCfg = Debug|Any CPU
		{02ECF918-0FD6-4540-9AF8-785FBCC229C7}.Debug|Any CPU.Build.0 = Debug|Any CPU
		{02ECF918-0FD6-4540-9AF8-785FBCC229C7}.Release|Any CPU.ActiveCfg = Release|Any CPU
		{02ECF918-0FD6-4540-9AF8-785FBCC229C7}.Release|Any CPU.Build.0 = Release|Any CPU
	EndGlobalSection
	GlobalSection(SolutionProperties) = preSolution
		HideSolutionNode = FALSE
	EndGlobalSection
	GlobalSection(ExtensibilityGlobals) = postSolution
		SolutionGuid = {6F00CA46-66B1-45F5-A9A4-CEEC09129CB8}
	EndGlobalSection
EndGlobal
