
Microsoft Visual Studio Solution File, Format Version 12.00
# Visual Studio Version 16
VisualStudioVersion = 16.0.31105.61
MinimumVisualStudioVersion = 10.0.40219.1
Project("{FAE04EC0-301F-11D3-BF4B-00C04F79EFBC}") = "smpseq4", "smpseq4\smpseq4.csproj", "{1955FCB2-3F76-4489-8FAD-3A1B068A8C35}"
EndProject
Global
	GlobalSection(SolutionConfigurationPlatforms) = preSolution
		Debug|Any CPU = Debug|Any CPU
		Release|Any CPU = Release|Any CPU
	EndGlobalSection
	GlobalSection(ProjectConfigurationPlatforms) = postSolution
		{1955FCB2-3F76-4489-8FAD-3A1B068A8C35}.Debug|Any CPU.ActiveCfg = Debug|Any CPU
		{1955FCB2-3F76-4489-8FAD-3A1B068A8C35}.Debug|Any CPU.Build.0 = Debug|Any CPU
		{1955FCB2-3F76-4489-8FAD-3A1B068A8C35}.Release|Any CPU.ActiveCfg = Release|Any CPU
		{1955FCB2-3F76-4489-8FAD-3A1B068A8C35}.Release|Any CPU.Build.0 = Release|Any CPU
	EndGlobalSection
	GlobalSection(SolutionProperties) = preSolution
		HideSolutionNode = FALSE
	EndGlobalSection
	GlobalSection(ExtensibilityGlobals) = postSolution
		SolutionGuid = {D3293D80-C431-445D-84D6-65A905728E0E}
	EndGlobalSection
EndGlobal
